<?xml version="1.0" encoding="utf-8"?>
<Project ToolsVersion="4.0" xmlns="http://schemas.microsoft.com/developer/msbuild/2003">
  <ItemGroup>
    <Filter Include="Source Files">
      <UniqueIdentifier>{4FC737F1-C7A5-4376-A066-2A32D752A2FF}</UniqueIdentifier>
      <Extensions>cpp;c;cc;cxx;c++;cppm;ixx;def;odl;idl;hpj;bat;asm;asmx</Extensions>
    </Filter>
    <Filter Include="Header Files">
      <UniqueIdentifier>{93995380-89BD-4b04-88EB-625FBE52EBFB}</UniqueIdentifier>
      <Extensions>h;hh;hpp;hxx;h++;hm;inl;inc;ipp;xsd</Extensions>
    </Filter>
    <Filter Include="Resource Files">
      <UniqueIdentifier>{67DA6AB6-F800-4c08-8B7A-83BB121AAD01}</UniqueIdentifier>
      <Extensions>rc;ico;cur;bmp;dlg;rc2;rct;bin;rgs;gif;jpg;jpeg;jpe;resx;tiff;tif;png;wav;mfcribbon-ms</Extensions>
    </Filter>
  </ItemGroup>
  <ItemGroup>
    <ClInclude Include="types.h">
      <Filter>Header Files</Filter>
    </ClInclude>
    <ClInclude Include="Source\trigs.h">
      <Filter>Header Files</Filter>
    </ClInclude>
    <ClInclude Include="Source\themes.h">
      <Filter>Header Files</Filter>
    </ClInclude>
    <ClInclude Include="structs.h">
      <Filter>Header Files</Filter>
    </ClInclude>
    <ClInclude Include="Source\stores.h">
      <Filter>Header Files</Filter>
    </ClInclude>
    <ClInclude Include="resource.h">
      <Filter>Header Files</Filter>
    </ClInclude>
    <ClInclude Include="Source\quests.h">
      <Filter>Header Files</Filter>
    </ClInclude>
    <ClInclude Include="Source\path.h">
      <Filter>Header Files</Filter>
    </ClInclude>
    <ClInclude Include="Source\objects.h">
      <Filter>Header Files</Filter>
    </ClInclude>
    <ClInclude Include="Source\objdat.h">
      <Filter>Header Files</Filter>
    </ClInclude>
    <ClInclude Include="Source\monster.h">
      <Filter>Header Files</Filter>
    </ClInclude>
    <ClInclude Include="Source\monstdat.h">
      <Filter>Header Files</Filter>
    </ClInclude>
    <ClInclude Include="Source\lighting.h">
      <Filter>Header Files</Filter>
    </ClInclude>
    <ClInclude Include="Source\level.h">
      <Filter>Header Files</Filter>
    </ClInclude>
    <ClInclude Include="Source\items.h">
      <Filter>Header Files</Filter>
    </ClInclude>
    <ClInclude Include="Source\itemdat.h">
      <Filter>Header Files</Filter>
    </ClInclude>
    <ClInclude Include="Source\gendung.h">
      <Filter>Header Files</Filter>
    </ClInclude>
    <ClInclude Include="enums.h">
      <Filter>Header Files</Filter>
    </ClInclude>
    <ClInclude Include="Source\engine.h">
      <Filter>Header Files</Filter>
    </ClInclude>
    <ClInclude Include="Source\drlg_l4.h">
      <Filter>Header Files</Filter>
    </ClInclude>
    <ClInclude Include="Source\drlg_l3.h">
      <Filter>Header Files</Filter>
    </ClInclude>
    <ClInclude Include="Source\drlg_l2.h">
      <Filter>Header Files</Filter>
    </ClInclude>
    <ClInclude Include="Source\drlg_l1.h">
      <Filter>Header Files</Filter>
    </ClInclude>
    <ClInclude Include="defs.h">
      <Filter>Header Files</Filter>
    </ClInclude>
    <ClInclude Include="Source\all.h">
      <Filter>Header Files</Filter>
    </ClInclude>
  </ItemGroup>
  <ItemGroup>
    <ClCompile Include="Source\drlg_l1.cpp">
      <Filter>Source Files</Filter>
    </ClCompile>
    <ClCompile Include="Source\drlg_l2.cpp">
      <Filter>Source Files</Filter>
    </ClCompile>
    <ClCompile Include="Source\drlg_l3.cpp">
      <Filter>Source Files</Filter>
    </ClCompile>
    <ClCompile Include="Source\drlg_l4.cpp">
      <Filter>Source Files</Filter>
    </ClCompile>
    <ClCompile Include="Source\engine.cpp">
      <Filter>Source Files</Filter>
    </ClCompile>
    <ClCompile Include="Source\funkMapGen.cpp">
      <Filter>Source Files</Filter>
    </ClCompile>
    <ClCompile Include="Source\gendung.cpp">
      <Filter>Source Files</Filter>
    </ClCompile>
    <ClCompile Include="Source\level.cpp">
      <Filter>Source Files</Filter>
    </ClCompile>
    <ClCompile Include="Source\lighting.cpp">
      <Filter>Source Files</Filter>
    </ClCompile>
    <ClCompile Include="Source\quests.cpp">
      <Filter>Source Files</Filter>
    </ClCompile>
    <ClCompile Include="Source\trigs.cpp">
      <Filter>Source Files</Filter>
    </ClCompile>
  </ItemGroup>
</Project>